
Microsoft Visual Studio Solution File, Format Version 12.00
# Visual Studio Version 17
VisualStudioVersion = 17.3.32922.545
MinimumVisualStudioVersion = 10.0.40219.1
Project("{FAE04EC0-301F-11D3-BF4B-00C04F79EFBC}") = "Ch11Ex04", "Ch11Ex04.csproj", "{62DE1E01-67F3-4CFC-9C6C-BB2FB37BA963}"
EndProject
Global
	GlobalSection(SolutionConfigurationPlatforms) = preSolution
		Debug|Any CPU = Debug|Any CPU
		Release|Any CPU = Release|Any CPU
	EndGlobalSection
	GlobalSection(ProjectConfigurationPlatforms) = postSolution
		{62DE1E01-67F3-4CFC-9C6C-BB2FB37BA963}.Debug|Any CPU.ActiveCfg = Debug|Any CPU
		{62DE1E01-67F3-4CFC-9C6C-BB2FB37BA963}.Debug|Any CPU.Build.0 = Debug|Any CPU
		{62DE1E01-67F3-4CFC-9C6C-BB2FB37BA963}.Release|Any CPU.ActiveCfg = Release|Any CPU
		{62DE1E01-67F3-4CFC-9C6C-BB2FB37BA963}.Release|Any CPU.Build.0 = Release|Any CPU
	EndGlobalSection
	GlobalSection(SolutionProperties) = preSolution
		HideSolutionNode = FALSE
	EndGlobalSection
	GlobalSection(ExtensibilityGlobals) = postSolution
		SolutionGuid = {B192A726-3C07-42B2-ADD0-DB558264EF6D}
	EndGlobalSection
EndGlobal
