
Microsoft Visual Studio Solution File, Format Version 12.00
# Visual Studio Version 17
VisualStudioVersion = 17.3.32819.101
MinimumVisualStudioVersion = 10.0.40219.1
Project("{FAE04EC0-301F-11D3-BF4B-00C04F79EFBC}") = "Ch06Ex03", "Ch06Ex03.csproj", "{2CD61DE1-1F71-4B4F-842A-85AEA71222EA}"
EndProject
Global
	GlobalSection(SolutionConfigurationPlatforms) = preSolution
		Debug|Any CPU = Debug|Any CPU
		Release|Any CPU = Release|Any CPU
	EndGlobalSection
	GlobalSection(ProjectConfigurationPlatforms) = postSolution
		{2CD61DE1-1F71-4B4F-842A-85AEA71222EA}.Debug|Any CPU.ActiveCfg = Debug|Any CPU
		{2CD61DE1-1F71-4B4F-842A-85AEA71222EA}.Debug|Any CPU.Build.0 = Debug|Any CPU
		{2CD61DE1-1F71-4B4F-842A-85AEA71222EA}.Release|Any CPU.ActiveCfg = Release|Any CPU
		{2CD61DE1-1F71-4B4F-842A-85AEA71222EA}.Release|Any CPU.Build.0 = Release|Any CPU
	EndGlobalSection
	GlobalSection(SolutionProperties) = preSolution
		HideSolutionNode = FALSE
	EndGlobalSection
	GlobalSection(ExtensibilityGlobals) = postSolution
		SolutionGuid = {F66B44D7-4033-48D6-96F1-24C91A2E7ADA}
	EndGlobalSection
EndGlobal
