
Microsoft Visual Studio Solution File, Format Version 12.00
# Visual Studio Version 17
VisualStudioVersion = 17.3.32819.101
MinimumVisualStudioVersion = 10.0.40219.1
Project("{FAE04EC0-301F-11D3-BF4B-00C04F79EFBC}") = "Ch04Ex4.1", "Ch04Ex4.1.csproj", "{BF1A7CC7-8A2E-4F9F-B5A3-A2ED8695EE97}"
EndProject
Global
	GlobalSection(SolutionConfigurationPlatforms) = preSolution
		Debug|Any CPU = Debug|Any CPU
		Release|Any CPU = Release|Any CPU
	EndGlobalSection
	GlobalSection(ProjectConfigurationPlatforms) = postSolution
		{BF1A7CC7-8A2E-4F9F-B5A3-A2ED8695EE97}.Debug|Any CPU.ActiveCfg = Debug|Any CPU
		{BF1A7CC7-8A2E-4F9F-B5A3-A2ED8695EE97}.Debug|Any CPU.Build.0 = Debug|Any CPU
		{BF1A7CC7-8A2E-4F9F-B5A3-A2ED8695EE97}.Release|Any CPU.ActiveCfg = Release|Any CPU
		{BF1A7CC7-8A2E-4F9F-B5A3-A2ED8695EE97}.Release|Any CPU.Build.0 = Release|Any CPU
	EndGlobalSection
	GlobalSection(SolutionProperties) = preSolution
		HideSolutionNode = FALSE
	EndGlobalSection
	GlobalSection(ExtensibilityGlobals) = postSolution
		SolutionGuid = {F4BCA81C-5AFC-44F0-B5EA-D09054F1C930}
	EndGlobalSection
EndGlobal
