
Microsoft Visual Studio Solution File, Format Version 12.00
# Visual Studio Version 17
VisualStudioVersion = 17.0.32126.317
MinimumVisualStudioVersion = 10.0.40219.1
Project("{FAE04EC0-301F-11D3-BF4B-00C04F79EFBC}") = "Ch03Ex02", "Ch03Ex02.csproj", "{17EBAEF7-D835-40B7-A6F1-5C849922FD0A}"
EndProject
Global
	GlobalSection(SolutionConfigurationPlatforms) = preSolution
		Debug|Any CPU = Debug|Any CPU
		Release|Any CPU = Release|Any CPU
	EndGlobalSection
	GlobalSection(ProjectConfigurationPlatforms) = postSolution
		{17EBAEF7-D835-40B7-A6F1-5C849922FD0A}.Debug|Any CPU.ActiveCfg = Debug|Any CPU
		{17EBAEF7-D835-40B7-A6F1-5C849922FD0A}.Debug|Any CPU.Build.0 = Debug|Any CPU
		{17EBAEF7-D835-40B7-A6F1-5C849922FD0A}.Release|Any CPU.ActiveCfg = Release|Any CPU
		{17EBAEF7-D835-40B7-A6F1-5C849922FD0A}.Release|Any CPU.Build.0 = Release|Any CPU
	EndGlobalSection
	GlobalSection(SolutionProperties) = preSolution
		HideSolutionNode = FALSE
	EndGlobalSection
	GlobalSection(ExtensibilityGlobals) = postSolution
		SolutionGuid = {D081FEE1-28C6-42DD-88B8-11772B00EFC5}
	EndGlobalSection
EndGlobal
