
Microsoft Visual Studio Solution File, Format Version 12.00
# Visual Studio Version 17
VisualStudioVersion = 17.3.32922.545
MinimumVisualStudioVersion = 10.0.40219.1
Project("{FAE04EC0-301F-11D3-BF4B-00C04F79EFBC}") = "LoopThroughXML", "LoopThroughXML.csproj", "{A381927B-96C4-42DE-BA97-82130295E90E}"
EndProject
Global
	GlobalSection(SolutionConfigurationPlatforms) = preSolution
		Debug|Any CPU = Debug|Any CPU
		Release|Any CPU = Release|Any CPU
	EndGlobalSection
	GlobalSection(ProjectConfigurationPlatforms) = postSolution
		{A381927B-96C4-42DE-BA97-82130295E90E}.Debug|Any CPU.ActiveCfg = Debug|Any CPU
		{A381927B-96C4-42DE-BA97-82130295E90E}.Debug|Any CPU.Build.0 = Debug|Any CPU
		{A381927B-96C4-42DE-BA97-82130295E90E}.Release|Any CPU.ActiveCfg = Release|Any CPU
		{A381927B-96C4-42DE-BA97-82130295E90E}.Release|Any CPU.Build.0 = Release|Any CPU
	EndGlobalSection
	GlobalSection(SolutionProperties) = preSolution
		HideSolutionNode = FALSE
	EndGlobalSection
	GlobalSection(ExtensibilityGlobals) = postSolution
		SolutionGuid = {DFC319BC-5545-4575-B6FE-2B897A10B179}
	EndGlobalSection
EndGlobal
